{
  "name": "blockr-wallet",
  "version": "1.0.0",
  "lockfileVersion": 1,
  "requires": true,
  "dependencies": {
    "@types/cheerio": {
      "version": "0.22.11",
      "resolved": "https://registry.npmjs.org/@types/cheerio/-/cheerio-0.22.11.tgz",
      "integrity": "sha512-x0X3kPbholdJZng9wDMhb2swvUi3UYRNAuWAmIPIWlfgAJZp//cql/qblE7181Mg7SjWVwq6ldCPCLn5AY/e7w==",
      "dev": true,
      "requires": {
        "@types/node": "12.0.1"
      }
    },
    "@types/enzyme": {
      "version": "3.9.2",
      "resolved": "https://registry.npmjs.org/@types/enzyme/-/enzyme-3.9.2.tgz",
      "integrity": "sha512-f8lXku9JIa6vReljhHmHqMvaRcabdJzuOOVoLGjQvoL4ikQu0aQaHMI4uR/BCStYcpSbktTov5GpL2iruHaykA==",
      "dev": true,
      "requires": {
        "@types/cheerio": "0.22.11",
        "@types/react": "16.8.17"
      }
    },
    "@types/node": {
      "version": "12.0.1",
      "resolved": "https://registry.npmjs.org/@types/node/-/node-12.0.1.tgz",
      "integrity": "sha512-7sy7DKVJrCTbaAERJZq/CU12bzdmpjRr321/Ne9QmzhB3iZ//L16Cizcni5hHNbANxDbxwMb9EFoWkM8KPkp0A==",
      "dev": true
    },
    "@types/prop-types": {
      "version": "15.7.1",
      "resolved": "https://registry.npmjs.org/@types/prop-types/-/prop-types-15.7.1.tgz",
      "integrity": "sha512-CFzn9idOEpHrgdw8JsoTkaDDyRWk1jrzIV8djzcgpq0y9tG4B4lFT+Nxh52DVpDXV+n4+NPNv7M1Dj5uMp6XFg==",
      "dev": true
    },
    "@types/react": {
      "version": "16.8.17",
      "resolved": "https://registry.npmjs.org/@types/react/-/react-16.8.17.tgz",
      "integrity": "sha512-pln3mgc6VfkNg92WXODul/ONo140huK9OMsx62GlBlZ2lvjNK86PQJhYMPLO1i66aF5O9OPyZefogvNltBIszA==",
      "dev": true,
      "requires": {
        "@types/prop-types": "15.7.1",
        "csstype": "2.6.4"
      }
    },
    "csstype": {
      "version": "2.6.4",
      "resolved": "https://registry.npmjs.org/csstype/-/csstype-2.6.4.tgz",
      "integrity": "sha512-lAJUJP3M6HxFXbqtGRc0iZrdyeN+WzOWeY0q/VnFzI+kqVrYIzC7bWlKqCW7oCIdzoPkvfp82EVvrTlQ8zsWQg==",
      "dev": true
    }
  }
}
